// !$*UTF8*$!
{
	archiveVersion = 1;
	classes = {
	};
	objectVersion = 51;
	objects = {

/* Begin PBXBuildFile section */
		09851E131A292034D21054E8 /* Pods_Flix_FlixUITests.framework in Frameworks */ = {isa = PBXBuildFile; fileRef = 2123A47C7268211E605D643A /* Pods_Flix_FlixUITests.framework */; };
		29B94340F707D2B7238630CC /* Pods_FlixTests.framework in Frameworks */ = {isa = PBXBuildFile; fileRef = 7AD675DE0A6185BAFB002A37 /* Pods_FlixTests.framework */; };
		E40BECB4268392E10029FDCD /* MoviesViewController.m in Sources */ = {isa = PBXBuildFile; fileRef = E40BECB3268392E10029FDCD /* MoviesViewController.m */; };
		E4E236332684F1E500B55599 /* DetailsViewController.m in Sources */ = {isa = PBXBuildFile; fileRef = E4E236322684F1E500B55599 /* DetailsViewController.m */; };
		E4E23636268510F100B55599 /* MoviesGridViewController.m in Sources */ = {isa = PBXBuildFile; fileRef = E4E23635268510F100B55599 /* MoviesGridViewController.m */; };
		E4E236392685142300B55599 /* MovieCollectionCell.m in Sources */ = {isa = PBXBuildFile; fileRef = E4E236382685142200B55599 /* MovieCollectionCell.m */; };
		E4E2363C2686298B00B55599 /* DetailsGridViewController.m in Sources */ = {isa = PBXBuildFile; fileRef = E4E2363B2686298B00B55599 /* DetailsGridViewController.m */; };
		E4F036442683A89E007B20C1 /* MovieCell.m in Sources */ = {isa = PBXBuildFile; fileRef = E4F036432683A89E007B20C1 /* MovieCell.m */; };
		E4FC53E22683881D0058B93A /* AppDelegate.m in Sources */ = {isa = PBXBuildFile; fileRef = E4FC53E12683881D0058B93A /* AppDelegate.m */; };
		E4FC53E52683881D0058B93A /* SceneDelegate.m in Sources */ = {isa = PBXBuildFile; fileRef = E4FC53E42683881D0058B93A /* SceneDelegate.m */; };
		E4FC53EB2683881D0058B93A /* Main.storyboard in Resources */ = {isa = PBXBuildFile; fileRef = E4FC53E92683881D0058B93A /* Main.storyboard */; };
		E4FC53ED2683881E0058B93A /* Assets.xcassets in Resources */ = {isa = PBXBuildFile; fileRef = E4FC53EC2683881E0058B93A /* Assets.xcassets */; };
		E4FC53F02683881E0058B93A /* LaunchScreen.storyboard in Resources */ = {isa = PBXBuildFile; fileRef = E4FC53EE2683881E0058B93A /* LaunchScreen.storyboard */; };
		E4FC53F32683881E0058B93A /* main.m in Sources */ = {isa = PBXBuildFile; fileRef = E4FC53F22683881E0058B93A /* main.m */; };
		E4FC53FD2683881E0058B93A /* FlixTests.m in Sources */ = {isa = PBXBuildFile; fileRef = E4FC53FC2683881E0058B93A /* FlixTests.m */; };
		E4FC54082683881E0058B93A /* FlixUITests.m in Sources */ = {isa = PBXBuildFile; fileRef = E4FC54072683881E0058B93A /* FlixUITests.m */; };
		F207969EA219C3F07CFD190C /* Pods_Flix.framework in Frameworks */ = {isa = PBXBuildFile; fileRef = A756EC1373160B18C0B1E15C /* Pods_Flix.framework */; };
/* End PBXBuildFile section */

/* Begin PBXContainerItemProxy section */
		E4FC53F92683881E0058B93A /* PBXContainerItemProxy */ = {
			isa = PBXContainerItemProxy;
			containerPortal = E4FC53D52683881D0058B93A /* Project object */;
			proxyType = 1;
			remoteGlobalIDString = E4FC53DC2683881D0058B93A;
			remoteInfo = Flix;
		};
		E4FC54042683881E0058B93A /* PBXContainerItemProxy */ = {
			isa = PBXContainerItemProxy;
			containerPortal = E4FC53D52683881D0058B93A /* Project object */;
			proxyType = 1;
			remoteGlobalIDString = E4FC53DC2683881D0058B93A;
			remoteInfo = Flix;
		};
/* End PBXContainerItemProxy section */

/* Begin PBXFileReference section */
		04726A5D31D24FF40E3653B3 /* Pods-Flix-FlixUITests.release.xcconfig */ = {isa = PBXFileReference; includeInIndex = 1; lastKnownFileType = text.xcconfig; name = "Pods-Flix-FlixUITests.release.xcconfig"; path = "Target Support Files/Pods-Flix-FlixUITests/Pods-Flix-FlixUITests.release.xcconfig"; sourceTree = "<group>"; };
		2123A47C7268211E605D643A /* Pods_Flix_FlixUITests.framework */ = {isa = PBXFileReference; explicitFileType = wrapper.framework; includeInIndex = 0; path = Pods_Flix_FlixUITests.framework; sourceTree = BUILT_PRODUCTS_DIR; };
		55B333F44AB04B163A01B9DB /* Pods-FlixTests.release.xcconfig */ = {isa = PBXFileReference; includeInIndex = 1; lastKnownFileType = text.xcconfig; name = "Pods-FlixTests.release.xcconfig"; path = "Target Support Files/Pods-FlixTests/Pods-FlixTests.release.xcconfig"; sourceTree = "<group>"; };
		61E02C4C1400DCF252DC501C /* Pods-Flix.debug.xcconfig */ = {isa = PBXFileReference; includeInIndex = 1; lastKnownFileType = text.xcconfig; name = "Pods-Flix.debug.xcconfig"; path = "Target Support Files/Pods-Flix/Pods-Flix.debug.xcconfig"; sourceTree = "<group>"; };
		7AD675DE0A6185BAFB002A37 /* Pods_FlixTests.framework */ = {isa = PBXFileReference; explicitFileType = wrapper.framework; includeInIndex = 0; path = Pods_FlixTests.framework; sourceTree = BUILT_PRODUCTS_DIR; };
		857F74B719B68C8149008F8C /* Pods-Flix-FlixUITests.debug.xcconfig */ = {isa = PBXFileReference; includeInIndex = 1; lastKnownFileType = text.xcconfig; name = "Pods-Flix-FlixUITests.debug.xcconfig"; path = "Target Support Files/Pods-Flix-FlixUITests/Pods-Flix-FlixUITests.debug.xcconfig"; sourceTree = "<group>"; };
		9F708094BCAC39B5694C4E4A /* Pods-FlixTests.debug.xcconfig */ = {isa = PBXFileReference; includeInIndex = 1; lastKnownFileType = text.xcconfig; name = "Pods-FlixTests.debug.xcconfig"; path = "Target Support Files/Pods-FlixTests/Pods-FlixTests.debug.xcconfig"; sourceTree = "<group>"; };
		A756EC1373160B18C0B1E15C /* Pods_Flix.framework */ = {isa = PBXFileReference; explicitFileType = wrapper.framework; includeInIndex = 0; path = Pods_Flix.framework; sourceTree = BUILT_PRODUCTS_DIR; };
		DEDB3A98498B1E1828CA753A /* Pods-Flix.release.xcconfig */ = {isa = PBXFileReference; includeInIndex = 1; lastKnownFileType = text.xcconfig; name = "Pods-Flix.release.xcconfig"; path = "Target Support Files/Pods-Flix/Pods-Flix.release.xcconfig"; sourceTree = "<group>"; };
		E40BECB2268392E10029FDCD /* MoviesViewController.h */ = {isa = PBXFileReference; lastKnownFileType = sourcecode.c.h; path = MoviesViewController.h; sourceTree = "<group>"; };
		E40BECB3268392E10029FDCD /* MoviesViewController.m */ = {isa = PBXFileReference; lastKnownFileType = sourcecode.c.objc; path = MoviesViewController.m; sourceTree = "<group>"; };
		E4E236312684F1E500B55599 /* DetailsViewController.h */ = {isa = PBXFileReference; lastKnownFileType = sourcecode.c.h; path = DetailsViewController.h; sourceTree = "<group>"; };
		E4E236322684F1E500B55599 /* DetailsViewController.m */ = {isa = PBXFileReference; lastKnownFileType = sourcecode.c.objc; path = DetailsViewController.m; sourceTree = "<group>"; };
		E4E23634268510F100B55599 /* MoviesGridViewController.h */ = {isa = PBXFileReference; lastKnownFileType = sourcecode.c.h; path = MoviesGridViewController.h; sourceTree = "<group>"; };
		E4E23635268510F100B55599 /* MoviesGridViewController.m */ = {isa = PBXFileReference; lastKnownFileType = sourcecode.c.objc; path = MoviesGridViewController.m; sourceTree = "<group>"; };
		E4E236372685142200B55599 /* MovieCollectionCell.h */ = {isa = PBXFileReference; lastKnownFileType = sourcecode.c.h; path = MovieCollectionCell.h; sourceTree = "<group>"; };
		E4E236382685142200B55599 /* MovieCollectionCell.m */ = {isa = PBXFileReference; lastKnownFileType = sourcecode.c.objc; path = MovieCollectionCell.m; sourceTree = "<group>"; };
		E4E2363A2686298B00B55599 /* DetailsGridViewController.h */ = {isa = PBXFileReference; lastKnownFileType = sourcecode.c.h; path = DetailsGridViewController.h; sourceTree = "<group>"; };
		E4E2363B2686298B00B55599 /* DetailsGridViewController.m */ = {isa = PBXFileReference; lastKnownFileType = sourcecode.c.objc; path = DetailsGridViewController.m; sourceTree = "<group>"; };
		E4F036422683A89E007B20C1 /* MovieCell.h */ = {isa = PBXFileReference; lastKnownFileType = sourcecode.c.h; path = MovieCell.h; sourceTree = "<group>"; };
		E4F036432683A89E007B20C1 /* MovieCell.m */ = {isa = PBXFileReference; lastKnownFileType = sourcecode.c.objc; path = MovieCell.m; sourceTree = "<group>"; };
		E4FC53DD2683881D0058B93A /* Flix.app */ = {isa = PBXFileReference; explicitFileType = wrapper.application; includeInIndex = 0; path = Flix.app; sourceTree = BUILT_PRODUCTS_DIR; };
		E4FC53E02683881D0058B93A /* AppDelegate.h */ = {isa = PBXFileReference; lastKnownFileType = sourcecode.c.h; path = AppDelegate.h; sourceTree = "<group>"; };
		E4FC53E12683881D0058B93A /* AppDelegate.m */ = {isa = PBXFileReference; lastKnownFileType = sourcecode.c.objc; path = AppDelegate.m; sourceTree = "<group>"; };
		E4FC53E32683881D0058B93A /* SceneDelegate.h */ = {isa = PBXFileReference; lastKnownFileType = sourcecode.c.h; path = SceneDelegate.h; sourceTree = "<group>"; };
		E4FC53E42683881D0058B93A /* SceneDelegate.m */ = {isa = PBXFileReference; lastKnownFileType = sourcecode.c.objc; path = SceneDelegate.m; sourceTree = "<group>"; };
		E4FC53EA2683881D0058B93A /* Base */ = {isa = PBXFileReference; lastKnownFileType = file.storyboard; name = Base; path = Base.lproj/Main.storyboard; sourceTree = "<group>"; };
		E4FC53EC2683881E0058B93A /* Assets.xcassets */ = {isa = PBXFileReference; lastKnownFileType = folder.assetcatalog; path = Assets.xcassets; sourceTree = "<group>"; };
		E4FC53EF2683881E0058B93A /* Base */ = {isa = PBXFileReference; lastKnownFileType = file.storyboard; name = Base; path = Base.lproj/LaunchScreen.storyboard; sourceTree = "<group>"; };
		E4FC53F12683881E0058B93A /* Info.plist */ = {isa = PBXFileReference; lastKnownFileType = text.plist.xml; path = Info.plist; sourceTree = "<group>"; };
		E4FC53F22683881E0058B93A /* main.m */ = {isa = PBXFileReference; lastKnownFileType = sourcecode.c.objc; path = main.m; sourceTree = "<group>"; };
		E4FC53F82683881E0058B93A /* FlixTests.xctest */ = {isa = PBXFileReference; explicitFileType = wrapper.cfbundle; includeInIndex = 0; path = FlixTests.xctest; sourceTree = BUILT_PRODUCTS_DIR; };
		E4FC53FC2683881E0058B93A /* FlixTests.m */ = {isa = PBXFileReference; lastKnownFileType = sourcecode.c.objc; path = FlixTests.m; sourceTree = "<group>"; };
		E4FC53FE2683881E0058B93A /* Info.plist */ = {isa = PBXFileReference; lastKnownFileType = text.plist.xml; path = Info.plist; sourceTree = "<group>"; };
		E4FC54032683881E0058B93A /* FlixUITests.xctest */ = {isa = PBXFileReference; explicitFileType = wrapper.cfbundle; includeInIndex = 0; path = FlixUITests.xctest; sourceTree = BUILT_PRODUCTS_DIR; };
		E4FC54072683881E0058B93A /* FlixUITests.m */ = {isa = PBXFileReference; lastKnownFileType = sourcecode.c.objc; path = FlixUITests.m; sourceTree = "<group>"; };
		E4FC54092683881E0058B93A /* Info.plist */ = {isa = PBXFileReference; lastKnownFileType = text.plist.xml; path = Info.plist; sourceTree = "<group>"; };
/* End PBXFileReference section */

/* Begin PBXFrameworksBuildPhase section */
		E4FC53DA2683881D0058B93A /* Frameworks */ = {
			isa = PBXFrameworksBuildPhase;
			buildActionMask = 2147483647;
			files = (
				F207969EA219C3F07CFD190C /* Pods_Flix.framework in Frameworks */,
			);
			runOnlyForDeploymentPostprocessing = 0;
		};
		E4FC53F52683881E0058B93A /* Frameworks */ = {
			isa = PBXFrameworksBuildPhase;
			buildActionMask = 2147483647;
			files = (
				29B94340F707D2B7238630CC /* Pods_FlixTests.framework in Frameworks */,
			);
			runOnlyForDeploymentPostprocessing = 0;
		};
		E4FC54002683881E0058B93A /* Frameworks */ = {
			isa = PBXFrameworksBuildPhase;
			buildActionMask = 2147483647;
			files = (
				09851E131A292034D21054E8 /* Pods_Flix_FlixUITests.framework in Frameworks */,
			);
			runOnlyForDeploymentPostprocessing = 0;
		};
/* End PBXFrameworksBuildPhase section */

/* Begin PBXGroup section */
		8689427C4A880345640D58CE /* Pods */ = {
			isa = PBXGroup;
			children = (
				61E02C4C1400DCF252DC501C /* Pods-Flix.debug.xcconfig */,
				DEDB3A98498B1E1828CA753A /* Pods-Flix.release.xcconfig */,
				857F74B719B68C8149008F8C /* Pods-Flix-FlixUITests.debug.xcconfig */,
				04726A5D31D24FF40E3653B3 /* Pods-Flix-FlixUITests.release.xcconfig */,
				9F708094BCAC39B5694C4E4A /* Pods-FlixTests.debug.xcconfig */,
				55B333F44AB04B163A01B9DB /* Pods-FlixTests.release.xcconfig */,
			);
			path = Pods;
			sourceTree = "<group>";
		};
		A1A8A827342012DA53DE30CC /* Frameworks */ = {
			isa = PBXGroup;
			children = (
				A756EC1373160B18C0B1E15C /* Pods_Flix.framework */,
				2123A47C7268211E605D643A /* Pods_Flix_FlixUITests.framework */,
				7AD675DE0A6185BAFB002A37 /* Pods_FlixTests.framework */,
			);
			name = Frameworks;
			sourceTree = "<group>";
		};
		E40BECB5268393D10029FDCD /* View Controllers */ = {
			isa = PBXGroup;
			children = (
				E40BECB2268392E10029FDCD /* MoviesViewController.h */,
				E40BECB3268392E10029FDCD /* MoviesViewController.m */,
				E4E236312684F1E500B55599 /* DetailsViewController.h */,
				E4E236322684F1E500B55599 /* DetailsViewController.m */,
				E4E23634268510F100B55599 /* MoviesGridViewController.h */,
				E4E23635268510F100B55599 /* MoviesGridViewController.m */,
				E4E2363A2686298B00B55599 /* DetailsGridViewController.h */,
				E4E2363B2686298B00B55599 /* DetailsGridViewController.m */,
			);
			path = "View Controllers";
			sourceTree = "<group>";
		};
		E4F036452683A8A6007B20C1 /* Views */ = {
			isa = PBXGroup;
			children = (
				E4F036422683A89E007B20C1 /* MovieCell.h */,
				E4F036432683A89E007B20C1 /* MovieCell.m */,
				E4E236372685142200B55599 /* MovieCollectionCell.h */,
				E4E236382685142200B55599 /* MovieCollectionCell.m */,
			);
			path = Views;
			sourceTree = "<group>";
		};
		E4FC53D42683881D0058B93A = {
			isa = PBXGroup;
			children = (
				E4FC53DF2683881D0058B93A /* Flix */,
				E4FC53FB2683881E0058B93A /* FlixTests */,
				E4FC54062683881E0058B93A /* FlixUITests */,
				E4FC53DE2683881D0058B93A /* Products */,
				8689427C4A880345640D58CE /* Pods */,
				A1A8A827342012DA53DE30CC /* Frameworks */,
			);
			sourceTree = "<group>";
		};
		E4FC53DE2683881D0058B93A /* Products */ = {
			isa = PBXGroup;
			children = (
				E4FC53DD2683881D0058B93A /* Flix.app */,
				E4FC53F82683881E0058B93A /* FlixTests.xctest */,
				E4FC54032683881E0058B93A /* FlixUITests.xctest */,
			);
			name = Products;
			sourceTree = "<group>";
		};
		E4FC53DF2683881D0058B93A /* Flix */ = {
			isa = PBXGroup;
			children = (
				E4F036452683A8A6007B20C1 /* Views */,
				E40BECB5268393D10029FDCD /* View Controllers */,
				E4FC53E02683881D0058B93A /* AppDelegate.h */,
				E4FC53E12683881D0058B93A /* AppDelegate.m */,
				E4FC53E32683881D0058B93A /* SceneDelegate.h */,
				E4FC53E42683881D0058B93A /* SceneDelegate.m */,
				E4FC53E92683881D0058B93A /* Main.storyboard */,
				E4FC53EC2683881E0058B93A /* Assets.xcassets */,
				E4FC53EE2683881E0058B93A /* LaunchScreen.storyboard */,
				E4FC53F12683881E0058B93A /* Info.plist */,
				E4FC53F22683881E0058B93A /* main.m */,
			);
			path = Flix;
			sourceTree = "<group>";
		};
		E4FC53FB2683881E0058B93A /* FlixTests */ = {
			isa = PBXGroup;
			children = (
				E4FC53FC2683881E0058B93A /* FlixTests.m */,
				E4FC53FE2683881E0058B93A /* Info.plist */,
			);
			path = FlixTests;
			sourceTree = "<group>";
		};
		E4FC54062683881E0058B93A /* FlixUITests */ = {
			isa = PBXGroup;
			children = (
				E4FC54072683881E0058B93A /* FlixUITests.m */,
				E4FC54092683881E0058B93A /* Info.plist */,
			);
			path = FlixUITests;
			sourceTree = "<group>";
		};
/* End PBXGroup section */

/* Begin PBXNativeTarget section */
		E4FC53DC2683881D0058B93A /* Flix */ = {
			isa = PBXNativeTarget;
			buildConfigurationList = E4FC540C2683881E0058B93A /* Build configuration list for PBXNativeTarget "Flix" */;
			buildPhases = (
				E3168E9BA3BBF2E3C9149F64 /* [CP] Check Pods Manifest.lock */,
				E4FC53D92683881D0058B93A /* Sources */,
				E4FC53DA2683881D0058B93A /* Frameworks */,
				E4FC53DB2683881D0058B93A /* Resources */,
				FA058647E893387CF3C1A9F7 /* [CP] Embed Pods Frameworks */,
			);
			buildRules = (
			);
			dependencies = (
			);
			name = Flix;
			productName = Flix;
			productReference = E4FC53DD2683881D0058B93A /* Flix.app */;
			productType = "com.apple.product-type.application";
		};
		E4FC53F72683881E0058B93A /* FlixTests */ = {
			isa = PBXNativeTarget;
			buildConfigurationList = E4FC540F2683881E0058B93A /* Build configuration list for PBXNativeTarget "FlixTests" */;
			buildPhases = (
				B1D3F49B8FA453C005A72A4A /* [CP] Check Pods Manifest.lock */,
				E4FC53F42683881E0058B93A /* Sources */,
				E4FC53F52683881E0058B93A /* Frameworks */,
				E4FC53F62683881E0058B93A /* Resources */,
			);
			buildRules = (
			);
			dependencies = (
				E4FC53FA2683881E0058B93A /* PBXTargetDependency */,
			);
			name = FlixTests;
			productName = FlixTests;
			productReference = E4FC53F82683881E0058B93A /* FlixTests.xctest */;
			productType = "com.apple.product-type.bundle.unit-test";
		};
		E4FC54022683881E0058B93A /* FlixUITests */ = {
			isa = PBXNativeTarget;
			buildConfigurationList = E4FC54122683881E0058B93A /* Build configuration list for PBXNativeTarget "FlixUITests" */;
			buildPhases = (
				5655FF176DCBCCFB4D1D5922 /* [CP] Check Pods Manifest.lock */,
				E4FC53FF2683881E0058B93A /* Sources */,
				E4FC54002683881E0058B93A /* Frameworks */,
				E4FC54012683881E0058B93A /* Resources */,
				2C56ACA2A84A87442B1C6F15 /* [CP] Embed Pods Frameworks */,
			);
			buildRules = (
			);
			dependencies = (
				E4FC54052683881E0058B93A /* PBXTargetDependency */,
			);
			name = FlixUITests;
			productName = FlixUITests;
			productReference = E4FC54032683881E0058B93A /* FlixUITests.xctest */;
			productType = "com.apple.product-type.bundle.ui-testing";
		};
/* End PBXNativeTarget section */

/* Begin PBXProject section */
		E4FC53D52683881D0058B93A /* Project object */ = {
			isa = PBXProject;
			attributes = {
				LastUpgradeCheck = 1250;
				TargetAttributes = {
					E4FC53DC2683881D0058B93A = {
						CreatedOnToolsVersion = 12.5.1;
					};
					E4FC53F72683881E0058B93A = {
						CreatedOnToolsVersion = 12.5.1;
						TestTargetID = E4FC53DC2683881D0058B93A;
					};
					E4FC54022683881E0058B93A = {
						CreatedOnToolsVersion = 12.5.1;
						TestTargetID = E4FC53DC2683881D0058B93A;
					};
				};
			};
			buildConfigurationList = E4FC53D82683881D0058B93A /* Build configuration list for PBXProject "Flix" */;
			compatibilityVersion = "Xcode 9.3";
			developmentRegion = en;
			hasScannedForEncodings = 0;
			knownRegions = (
				en,
				Base,
			);
			mainGroup = E4FC53D42683881D0058B93A;
			productRefGroup = E4FC53DE2683881D0058B93A /* Products */;
			projectDirPath = "";
			projectRoot = "";
			targets = (
				E4FC53DC2683881D0058B93A /* Flix */,
				E4FC53F72683881E0058B93A /* FlixTests */,
				E4FC54022683881E0058B93A /* FlixUITests */,
			);
		};
/* End PBXProject section */

/* Begin PBXResourcesBuildPhase section */
		E4FC53DB2683881D0058B93A /* Resources */ = {
			isa = PBXResourcesBuildPhase;
			buildActionMask = 2147483647;
			files = (
				E4FC53F02683881E0058B93A /* LaunchScreen.storyboard in Resources */,
				E4FC53ED2683881E0058B93A /* Assets.xcassets in Resources */,
				E4FC53EB2683881D0058B93A /* Main.storyboard in Resources */,
			);
			runOnlyForDeploymentPostprocessing = 0;
		};
		E4FC53F62683881E0058B93A /* Resources */ = {
			isa = PBXResourcesBuildPhase;
			buildActionMask = 2147483647;
			files = (
			);
			runOnlyForDeploymentPostprocessing = 0;
		};
		E4FC54012683881E0058B93A /* Resources */ = {
			isa = PBXResourcesBuildPhase;
			buildActionMask = 2147483647;
			files = (
			);
			runOnlyForDeploymentPostprocessing = 0;
		};
/* End PBXResourcesBuildPhase section */

/* Begin PBXShellScriptBuildPhase section */
		2C56ACA2A84A87442B1C6F15 /* [CP] Embed Pods Frameworks */ = {
			isa = PBXShellScriptBuildPhase;
			buildActionMask = 2147483647;
			files = (
			);
			inputFileListPaths = (
				"${PODS_ROOT}/Target Support Files/Pods-Flix-FlixUITests/Pods-Flix-FlixUITests-frameworks-${CONFIGURATION}-input-files.xcfilelist",
			);
			name = "[CP] Embed Pods Frameworks";
			outputFileListPaths = (
				"${PODS_ROOT}/Target Support Files/Pods-Flix-FlixUITests/Pods-Flix-FlixUITests-frameworks-${CONFIGURATION}-output-files.xcfilelist",
			);
			runOnlyForDeploymentPostprocessing = 0;
			shellPath = /bin/sh;
			shellScript = "\"${PODS_ROOT}/Target Support Files/Pods-Flix-FlixUITests/Pods-Flix-FlixUITests-frameworks.sh\"\n";
			showEnvVarsInLog = 0;
		};
		5655FF176DCBCCFB4D1D5922 /* [CP] Check Pods Manifest.lock */ = {
			isa = PBXShellScriptBuildPhase;
			buildActionMask = 2147483647;
			files = (
			);
			inputFileListPaths = (
			);
			inputPaths = (
				"${PODS_PODFILE_DIR_PATH}/Podfile.lock",
				"${PODS_ROOT}/Manifest.lock",
			);
			name = "[CP] Check Pods Manifest.lock";
			outputFileListPaths = (
			);
			outputPaths = (
				"$(DERIVED_FILE_DIR)/Pods-Flix-FlixUITests-checkManifestLockResult.txt",
			);
			runOnlyForDeploymentPostprocessing = 0;
			shellPath = /bin/sh;
			shellScript = "diff \"${PODS_PODFILE_DIR_PATH}/Podfile.lock\" \"${PODS_ROOT}/Manifest.lock\" > /dev/null\nif [ $? != 0 ] ; then\n    # print error to STDERR\n    echo \"error: The sandbox is not in sync with the Podfile.lock. Run 'pod install' or update your CocoaPods installation.\" >&2\n    exit 1\nfi\n# This output is used by Xcode 'outputs' to avoid re-running this script phase.\necho \"SUCCESS\" > \"${SCRIPT_OUTPUT_FILE_0}\"\n";
			showEnvVarsInLog = 0;
		};
		B1D3F49B8FA453C005A72A4A /* [CP] Check Pods Manifest.lock */ = {
			isa = PBXShellScriptBuildPhase;
			buildActionMask = 2147483647;
			files = (
			);
			inputFileListPaths = (
			);
			inputPaths = (
				"${PODS_PODFILE_DIR_PATH}/Podfile.lock",
				"${PODS_ROOT}/Manifest.lock",
			);
			name = "[CP] Check Pods Manifest.lock";
			outputFileListPaths = (
			);
			outputPaths = (
				"$(DERIVED_FILE_DIR)/Pods-FlixTests-checkManifestLockResult.txt",
			);
			runOnlyForDeploymentPostprocessing = 0;
			shellPath = /bin/sh;
			shellScript = "diff \"${PODS_PODFILE_DIR_PATH}/Podfile.lock\" \"${PODS_ROOT}/Manifest.lock\" > /dev/null\nif [ $? != 0 ] ; then\n    # print error to STDERR\n    echo \"error: The sandbox is not in sync with the Podfile.lock. Run 'pod install' or update your CocoaPods installation.\" >&2\n    exit 1\nfi\n# This output is used by Xcode 'outputs' to avoid re-running this script phase.\necho \"SUCCESS\" > \"${SCRIPT_OUTPUT_FILE_0}\"\n";
			showEnvVarsInLog = 0;
		};
		E3168E9BA3BBF2E3C9149F64 /* [CP] Check Pods Manifest.lock */ = {
			isa = PBXShellScriptBuildPhase;
			buildActionMask = 2147483647;
			files = (
			);
			inputFileListPaths = (
			);
			inputPaths = (
				"${PODS_PODFILE_DIR_PATH}/Podfile.lock",
				"${PODS_ROOT}/Manifest.lock",
			);
			name = "[CP] Check Pods Manifest.lock";
			outputFileListPaths = (
			);
			outputPaths = (
				"$(DERIVED_FILE_DIR)/Pods-Flix-checkManifestLockResult.txt",
			);
			runOnlyForDeploymentPostprocessing = 0;
			shellPath = /bin/sh;
			shellScript = "diff \"${PODS_PODFILE_DIR_PATH}/Podfile.lock\" \"${PODS_ROOT}/Manifest.lock\" > /dev/null\nif [ $? != 0 ] ; then\n    # print error to STDERR\n    echo \"error: The sandbox is not in sync with the Podfile.lock. Run 'pod install' or update your CocoaPods installation.\" >&2\n    exit 1\nfi\n# This output is used by Xcode 'outputs' to avoid re-running this script phase.\necho \"SUCCESS\" > \"${SCRIPT_OUTPUT_FILE_0}\"\n";
			showEnvVarsInLog = 0;
		};
		FA058647E893387CF3C1A9F7 /* [CP] Embed Pods Frameworks */ = {
			isa = PBXShellScriptBuildPhase;
			buildActionMask = 2147483647;
			files = (
			);
			inputFileListPaths = (
				"${PODS_ROOT}/Target Support Files/Pods-Flix/Pods-Flix-frameworks-${CONFIGURATION}-input-files.xcfilelist",
			);
			name = "[CP] Embed Pods Frameworks";
			outputFileListPaths = (
				"${PODS_ROOT}/Target Support Files/Pods-Flix/Pods-Flix-frameworks-${CONFIGURATION}-output-files.xcfilelist",
			);
			runOnlyForDeploymentPostprocessing = 0;
			shellPath = /bin/sh;
			shellScript = "\"${PODS_ROOT}/Target Support Files/Pods-Flix/Pods-Flix-frameworks.sh\"\n";
			showEnvVarsInLog = 0;
		};
/* End PBXShellScriptBuildPhase section */

/* Begin PBXSourcesBuildPhase section */
		E4FC53D92683881D0058B93A /* Sources */ = {
			isa = PBXSourcesBuildPhase;
			buildActionMask = 2147483647;
			files = (
				E4FC53E22683881D0058B93A /* AppDelegate.m in Sources */,
				E4E2363C2686298B00B55599 /* DetailsGridViewController.m in Sources */,
				E4F036442683A89E007B20C1 /* MovieCell.m in Sources */,
				E40BECB4268392E10029FDCD /* MoviesViewController.m in Sources */,
				E4E236332684F1E500B55599 /* DetailsViewController.m in Sources */,
				E4E236392685142300B55599 /* MovieCollectionCell.m in Sources */,
				E4FC53F32683881E0058B93A /* main.m in Sources */,
				E4FC53E52683881D0058B93A /* SceneDelegate.m in Sources */,
				E4E23636268510F100B55599 /* MoviesGridViewController.m in Sources */,
			);
			runOnlyForDeploymentPostprocessing = 0;
		};
		E4FC53F42683881E0058B93A /* Sources */ = {
			isa = PBXSourcesBuildPhase;
			buildActionMask = 2147483647;
			files = (
				E4FC53FD2683881E0058B93A /* FlixTests.m in Sources */,
			);
			runOnlyForDeploymentPostprocessing = 0;
		};
		E4FC53FF2683881E0058B93A /* Sources */ = {
			isa = PBXSourcesBuildPhase;
			buildActionMask = 2147483647;
			files = (
				E4FC54082683881E0058B93A /* FlixUITests.m in Sources */,
			);
			runOnlyForDeploymentPostprocessing = 0;
		};
/* End PBXSourcesBuildPhase section */

/* Begin PBXTargetDependency section */
		E4FC53FA2683881E0058B93A /* PBXTargetDependency */ = {
			isa = PBXTargetDependency;
			target = E4FC53DC2683881D0058B93A /* Flix */;
			targetProxy = E4FC53F92683881E0058B93A /* PBXContainerItemProxy */;
		};
		E4FC54052683881E0058B93A /* PBXTargetDependency */ = {
			isa = PBXTargetDependency;
			target = E4FC53DC2683881D0058B93A /* Flix */;
			targetProxy = E4FC54042683881E0058B93A /* PBXContainerItemProxy */;
		};
/* End PBXTargetDependency section */

/* Begin PBXVariantGroup section */
		E4FC53E92683881D0058B93A /* Main.storyboard */ = {
			isa = PBXVariantGroup;
			children = (
				E4FC53EA2683881D0058B93A /* Base */,
			);
			name = Main.storyboard;
			sourceTree = "<group>";
		};
		E4FC53EE2683881E0058B93A /* LaunchScreen.storyboard */ = {
			isa = PBXVariantGroup;
			children = (
				E4FC53EF2683881E0058B93A /* Base */,
			);
			name = LaunchScreen.storyboard;
			sourceTree = "<group>";
		};
/* End PBXVariantGroup section */

/* Begin XCBuildConfiguration section */
		E4FC540A2683881E0058B93A /* Debug */ = {
			isa = XCBuildConfiguration;
			buildSettings = {
				ALWAYS_SEARCH_USER_PATHS = NO;
				CLANG_ANALYZER_NONNULL = YES;
				CLANG_ANALYZER_NUMBER_OBJECT_CONVERSION = YES_AGGRESSIVE;
				CLANG_CXX_LANGUAGE_STANDARD = "gnu++14";
				CLANG_CXX_LIBRARY = "libc++";
				CLANG_ENABLE_MODULES = YES;
				CLANG_ENABLE_OBJC_ARC = YES;
				CLANG_ENABLE_OBJC_WEAK = YES;
				CLANG_WARN_BLOCK_CAPTURE_AUTORELEASING = YES;
				CLANG_WARN_BOOL_CONVERSION = YES;
				CLANG_WARN_COMMA = YES;
				CLANG_WARN_CONSTANT_CONVERSION = YES;
				CLANG_WARN_DEPRECATED_OBJC_IMPLEMENTATIONS = YES;
				CLANG_WARN_DIRECT_OBJC_ISA_USAGE = YES_ERROR;
				CLANG_WARN_DOCUMENTATION_COMMENTS = YES;
				CLANG_WARN_EMPTY_BODY = YES;
				CLANG_WARN_ENUM_CONVERSION = YES;
				CLANG_WARN_INFINITE_RECURSION = YES;
				CLANG_WARN_INT_CONVERSION = YES;
				CLANG_WARN_NON_LITERAL_NULL_CONVERSION = YES;
				CLANG_WARN_OBJC_IMPLICIT_RETAIN_SELF = YES;
				CLANG_WARN_OBJC_LITERAL_CONVERSION = YES;
				CLANG_WARN_OBJC_ROOT_CLASS = YES_ERROR;
				CLANG_WARN_QUOTED_INCLUDE_IN_FRAMEWORK_HEADER = YES;
				CLANG_WARN_RANGE_LOOP_ANALYSIS = YES;
				CLANG_WARN_STRICT_PROTOTYPES = YES;
				CLANG_WARN_SUSPICIOUS_MOVE = YES;
				CLANG_WARN_UNGUARDED_AVAILABILITY = YES_AGGRESSIVE;
				CLANG_WARN_UNREACHABLE_CODE = YES;
				CLANG_WARN__DUPLICATE_METHOD_MATCH = YES;
				COPY_PHASE_STRIP = NO;
				DEBUG_INFORMATION_FORMAT = dwarf;
				ENABLE_STRICT_OBJC_MSGSEND = YES;
				ENABLE_TESTABILITY = YES;
				GCC_C_LANGUAGE_STANDARD = gnu11;
				GCC_DYNAMIC_NO_PIC = NO;
				GCC_NO_COMMON_BLOCKS = YES;
				GCC_OPTIMIZATION_LEVEL = 0;
				GCC_PREPROCESSOR_DEFINITIONS = (
					"DEBUG=1",
					"$(inherited)",
				);
				GCC_WARN_64_TO_32_BIT_CONVERSION = YES;
				GCC_WARN_ABOUT_RETURN_TYPE = YES_ERROR;
				GCC_WARN_UNDECLARED_SELECTOR = YES;
				GCC_WARN_UNINITIALIZED_AUTOS = YES_AGGRESSIVE;
				GCC_WARN_UNUSED_FUNCTION = YES;
				GCC_WARN_UNUSED_VARIABLE = YES;
				IPHONEOS_DEPLOYMENT_TARGET = 14.5;
				MTL_ENABLE_DEBUG_INFO = INCLUDE_SOURCE;
				MTL_FAST_MATH = YES;
				ONLY_ACTIVE_ARCH = YES;
				SDKROOT = iphoneos;
			};
			name = Debug;
		};
		E4FC540B2683881E0058B93A /* Release */ = {
			isa = XCBuildConfiguration;
			buildSettings = {
				ALWAYS_SEARCH_USER_PATHS = NO;
				CLANG_ANALYZER_NONNULL = YES;
				CLANG_ANALYZER_NUMBER_OBJECT_CONVERSION = YES_AGGRESSIVE;
				CLANG_CXX_LANGUAGE_STANDARD = "gnu++14";
				CLANG_CXX_LIBRARY = "libc++";
				CLANG_ENABLE_MODULES = YES;
				CLANG_ENABLE_OBJC_ARC = YES;
				CLANG_ENABLE_OBJC_WEAK = YES;
				CLANG_WARN_BLOCK_CAPTURE_AUTORELEASING = YES;
				CLANG_WARN_BOOL_CONVERSION = YES;
				CLANG_WARN_COMMA = YES;
				CLANG_WARN_CONSTANT_CONVERSION = YES;
				CLANG_WARN_DEPRECATED_OBJC_IMPLEMENTATIONS = YES;
				CLANG_WARN_DIRECT_OBJC_ISA_USAGE = YES_ERROR;
				CLANG_WARN_DOCUMENTATION_COMMENTS = YES;
				CLANG_WARN_EMPTY_BODY = YES;
				CLANG_WARN_ENUM_CONVERSION = YES;
				CLANG_WARN_INFINITE_RECURSION = YES;
				CLANG_WARN_INT_CONVERSION = YES;
				CLANG_WARN_NON_LITERAL_NULL_CONVERSION = YES;
				CLANG_WARN_OBJC_IMPLICIT_RETAIN_SELF = YES;
				CLANG_WARN_OBJC_LITERAL_CONVERSION = YES;
				CLANG_WARN_OBJC_ROOT_CLASS = YES_ERROR;
				CLANG_WARN_QUOTED_INCLUDE_IN_FRAMEWORK_HEADER = YES;
				CLANG_WARN_RANGE_LOOP_ANALYSIS = YES;
				CLANG_WARN_STRICT_PROTOTYPES = YES;
				CLANG_WARN_SUSPICIOUS_MOVE = YES;
				CLANG_WARN_UNGUARDED_AVAILABILITY = YES_AGGRESSIVE;
				CLANG_WARN_UNREACHABLE_CODE = YES;
				CLANG_WARN__DUPLICATE_METHOD_MATCH = YES;
				COPY_PHASE_STRIP = NO;
				DEBUG_INFORMATION_FORMAT = "dwarf-with-dsym";
				ENABLE_NS_ASSERTIONS = NO;
				ENABLE_STRICT_OBJC_MSGSEND = YES;
				GCC_C_LANGUAGE_STANDARD = gnu11;
				GCC_NO_COMMON_BLOCKS = YES;
				GCC_WARN_64_TO_32_BIT_CONVERSION = YES;
				GCC_WARN_ABOUT_RETURN_TYPE = YES_ERROR;
				GCC_WARN_UNDECLARED_SELECTOR = YES;
				GCC_WARN_UNINITIALIZED_AUTOS = YES_AGGRESSIVE;
				GCC_WARN_UNUSED_FUNCTION = YES;
				GCC_WARN_UNUSED_VARIABLE = YES;
				IPHONEOS_DEPLOYMENT_TARGET = 14.5;
				MTL_ENABLE_DEBUG_INFO = NO;
				MTL_FAST_MATH = YES;
				SDKROOT = iphoneos;
				VALIDATE_PRODUCT = YES;
			};
			name = Release;
		};
		E4FC540D2683881E0058B93A /* Debug */ = {
			isa = XCBuildConfiguration;
			baseConfigurationReference = 61E02C4C1400DCF252DC501C /* Pods-Flix.debug.xcconfig */;
			buildSettings = {
				ASSETCATALOG_COMPILER_APPICON_NAME = AppIcon;
				ASSETCATALOG_COMPILER_GLOBAL_ACCENT_COLOR_NAME = AccentColor;
				CODE_SIGN_STYLE = Automatic;
				DEVELOPMENT_TEAM = 7T7B37B46A;
				INFOPLIST_FILE = Flix/Info.plist;
				LD_RUNPATH_SEARCH_PATHS = (
					"$(inherited)",
					"@executable_path/Frameworks",
				);
				PRODUCT_BUNDLE_IDENTIFIER = com.sanjanameduri.Flix;
				PRODUCT_NAME = "$(TARGET_NAME)";
				TARGETED_DEVICE_FAMILY = "1,2";
			};
			name = Debug;
		};
		E4FC540E2683881E0058B93A /* Release */ = {
			isa = XCBuildConfiguration;
			baseConfigurationReference = DEDB3A98498B1E1828CA753A /* Pods-Flix.release.xcconfig */;
			buildSettings = {
				ASSETCATALOG_COMPILER_APPICON_NAME = AppIcon;
				ASSETCATALOG_COMPILER_GLOBAL_ACCENT_COLOR_NAME = AccentColor;
				CODE_SIGN_STYLE = Automatic;
				DEVELOPMENT_TEAM = 7T7B37B46A;
				INFOPLIST_FILE = Flix/Info.plist;
				LD_RUNPATH_SEARCH_PATHS = (
					"$(inherited)",
					"@executable_path/Frameworks",
				);
				PRODUCT_BUNDLE_IDENTIFIER = com.sanjanameduri.Flix;
				PRODUCT_NAME = "$(TARGET_NAME)";
				TARGETED_DEVICE_FAMILY = "1,2";
			};
			name = Release;
		};
		E4FC54102683881E0058B93A /* Debug */ = {
			isa = XCBuildConfiguration;
			baseConfigurationReference = 9F708094BCAC39B5694C4E4A /* Pods-FlixTests.debug.xcconfig */;
			buildSettings = {
				BUNDLE_LOADER = "$(TEST_HOST)";
				CODE_SIGN_STYLE = Automatic;
				DEVELOPMENT_TEAM = 7T7B37B46A;
				INFOPLIST_FILE = FlixTests/Info.plist;
				IPHONEOS_DEPLOYMENT_TARGET = 14.5;
				LD_RUNPATH_SEARCH_PATHS = (
					"$(inherited)",
					"@executable_path/Frameworks",
					"@loader_path/Frameworks",
				);
				PRODUCT_BUNDLE_IDENTIFIER = com.sanjanameduri.FlixTests;
				PRODUCT_NAME = "$(TARGET_NAME)";
				TARGETED_DEVICE_FAMILY = "1,2";
				TEST_HOST = "$(BUILT_PRODUCTS_DIR)/Flix.app/Flix";
			};
			name = Debug;
		};
		E4FC54112683881E0058B93A /* Release */ = {
			isa = XCBuildConfiguration;
			baseConfigurationReference = 55B333F44AB04B163A01B9DB /* Pods-FlixTests.release.xcconfig */;
			buildSettings = {
				BUNDLE_LOADER = "$(TEST_HOST)";
				CODE_SIGN_STYLE = Automatic;
				DEVELOPMENT_TEAM = 7T7B37B46A;
				INFOPLIST_FILE = FlixTests/Info.plist;
				IPHONEOS_DEPLOYMENT_TARGET = 14.5;
				LD_RUNPATH_SEARCH_PATHS = (
					"$(inherited)",
					"@executable_path/Frameworks",
					"@loader_path/Frameworks",
				);
				PRODUCT_BUNDLE_IDENTIFIER = com.sanjanameduri.FlixTests;
				PRODUCT_NAME = "$(TARGET_NAME)";
				TARGETED_DEVICE_FAMILY = "1,2";
				TEST_HOST = "$(BUILT_PRODUCTS_DIR)/Flix.app/Flix";
			};
			name = Release;
		};
		E4FC54132683881E0058B93A /* Debug */ = {
			isa = XCBuildConfiguration;
			baseConfigurationReference = 857F74B719B68C8149008F8C /* Pods-Flix-FlixUITests.debug.xcconfig */;
			buildSettings = {
				CODE_SIGN_STYLE = Automatic;
				DEVELOPMENT_TEAM = 7T7B37B46A;
				INFOPLIST_FILE = FlixUITests/Info.plist;
				LD_RUNPATH_SEARCH_PATHS = (
					"$(inherited)",
					"@executable_path/Frameworks",
					"@loader_path/Frameworks",
				);
				PRODUCT_BUNDLE_IDENTIFIER = com.sanjanameduri.FlixUITests;
				PRODUCT_NAME = "$(TARGET_NAME)";
				TARGETED_DEVICE_FAMILY = "1,2";
				TEST_TARGET_NAME = Flix;
			};
			name = Debug;
		};
		E4FC54142683881E0058B93A /* Release */ = {
			isa = XCBuildConfiguration;
			baseConfigurationReference = 04726A5D31D24FF40E3653B3 /* Pods-Flix-FlixUITests.release.xcconfig */;
			buildSettings = {
				CODE_SIGN_STYLE = Automatic;
				DEVELOPMENT_TEAM = 7T7B37B46A;
				INFOPLIST_FILE = FlixUITests/Info.plist;
				LD_RUNPATH_SEARCH_PATHS = (
					"$(inherited)",
					"@executable_path/Frameworks",
					"@loader_path/Frameworks",
				);
				PRODUCT_BUNDLE_IDENTIFIER = com.sanjanameduri.FlixUITests;
				PRODUCT_NAME = "$(TARGET_NAME)";
				TARGETED_DEVICE_FAMILY = "1,2";
				TEST_TARGET_NAME = Flix;
			};
			name = Release;
		};
/* End XCBuildConfiguration section */

/* Begin XCConfigurationList section */
		E4FC53D82683881D0058B93A /* Build configuration list for PBXProject "Flix" */ = {
			isa = XCConfigurationList;
			buildConfigurations = (
				E4FC540A2683881E0058B93A /* Debug */,
				E4FC540B2683881E0058B93A /* Release */,
			);
			defaultConfigurationIsVisible = 0;
			defaultConfigurationName = Release;
		};
		E4FC540C2683881E0058B93A /* Build configuration list for PBXNativeTarget "Flix" */ = {
			isa = XCConfigurationList;
			buildConfigurations = (
				E4FC540D2683881E0058B93A /* Debug */,
				E4FC540E2683881E0058B93A /* Release */,
			);
			defaultConfigurationIsVisible = 0;
			defaultConfigurationName = Release;
		};
		E4FC540F2683881E0058B93A /* Build configuration list for PBXNativeTarget "FlixTests" */ = {
			isa = XCConfigurationList;
			buildConfigurations = (
				E4FC54102683881E0058B93A /* Debug */,
				E4FC54112683881E0058B93A /* Release */,
			);
			defaultConfigurationIsVisible = 0;
			defaultConfigurationName = Release;
		};
		E4FC54122683881E0058B93A /* Build configuration list for PBXNativeTarget "FlixUITests" */ = {
			isa = XCConfigurationList;
			buildConfigurations = (
				E4FC54132683881E0058B93A /* Debug */,
				E4FC54142683881E0058B93A /* Release */,
			);
			defaultConfigurationIsVisible = 0;
			defaultConfigurationName = Release;
		};
/* End XCConfigurationList section */
	};
	rootObject = E4FC53D52683881D0058B93A /* Project object */;
}
